// !$*UTF8*$!
{
	archiveVersion = 1;
	classes = {
	};
	objectVersion = 48;
	objects = {

/* Begin PBXBuildFile section */
		500D70CB209A168200CC3470 /* peertalk in Resources */ = {isa = PBXBuildFile; fileRef = 500D70CA209A168200CC3470 /* peertalk */; };
		500D70CE209A173D00CC3470 /* PTChannel.m in Sources */ = {isa = PBXBuildFile; fileRef = 500D70CD209A173D00CC3470 /* PTChannel.m */; };
		500D70D3209A17B900CC3470 /* PTProtocol.m in Sources */ = {isa = PBXBuildFile; fileRef = 500D70D2209A17B900CC3470 /* PTProtocol.m */; };
		500D70D5209A17FD00CC3470 /* PTUSBHub.m in Sources */ = {isa = PBXBuildFile; fileRef = 500D70D4209A17FD00CC3470 /* PTUSBHub.m */; };
		506F9158209A1CCB005F47D7 /* RealmPhotoSet.swift in Sources */ = {isa = PBXBuildFile; fileRef = 506F9157209A1CCB005F47D7 /* RealmPhotoSet.swift */; };
		506F915A209A1CFC005F47D7 /* ImageURL.swift in Sources */ = {isa = PBXBuildFile; fileRef = 506F9159209A1CFC005F47D7 /* ImageURL.swift */; };
		506F915C209A1D48005F47D7 /* PhotoSet.swift in Sources */ = {isa = PBXBuildFile; fileRef = 506F915B209A1D48005F47D7 /* PhotoSet.swift */; };
		506F915E209A1D75005F47D7 /* MainHeaderModel.swift in Sources */ = {isa = PBXBuildFile; fileRef = 506F915D209A1D75005F47D7 /* MainHeaderModel.swift */; };
		506F9160209A1D8A005F47D7 /* PeertalkPhotoSet.swift in Sources */ = {isa = PBXBuildFile; fileRef = 506F915F209A1D8A005F47D7 /* PeertalkPhotoSet.swift */; };
		506F9163209A21BA005F47D7 /* PhotoSetSectionController.swift in Sources */ = {isa = PBXBuildFile; fileRef = 506F9162209A21BA005F47D7 /* PhotoSetSectionController.swift */; };
		506F9166209A22AB005F47D7 /* PhotoSetHeaderViewModel.swift in Sources */ = {isa = PBXBuildFile; fileRef = 506F9165209A22AB005F47D7 /* PhotoSetHeaderViewModel.swift */; };
		506F9168209A22D5005F47D7 /* PhotoSetViewModel.swift in Sources */ = {isa = PBXBuildFile; fileRef = 506F9167209A22D5005F47D7 /* PhotoSetViewModel.swift */; };
		506F916D209A23D5005F47D7 /* PhotoSetCell.swift in Sources */ = {isa = PBXBuildFile; fileRef = 506F916C209A23D5005F47D7 /* PhotoSetCell.swift */; };
		506F916F209A2431005F47D7 /* PhotoSetHeaderCell.swift in Sources */ = {isa = PBXBuildFile; fileRef = 506F916E209A2431005F47D7 /* PhotoSetHeaderCell.swift */; };
		506F9171209A24CB005F47D7 /* MainHeaderCell.swift in Sources */ = {isa = PBXBuildFile; fileRef = 506F9170209A24CB005F47D7 /* MainHeaderCell.swift */; };
		506F9173209A2511005F47D7 /* MainHeaderViewModel.swift in Sources */ = {isa = PBXBuildFile; fileRef = 506F9172209A2511005F47D7 /* MainHeaderViewModel.swift */; };
		506F9175209A2619005F47D7 /* MainHeaderSectionController.swift in Sources */ = {isa = PBXBuildFile; fileRef = 506F9174209A2619005F47D7 /* MainHeaderSectionController.swift */; };
		508323132130C52400D965FE /* AlertViewController.swift in Sources */ = {isa = PBXBuildFile; fileRef = 508323122130C52400D965FE /* AlertViewController.swift */; };
		508323152130C56B00D965FE /* AlertView.swift in Sources */ = {isa = PBXBuildFile; fileRef = 508323142130C56B00D965FE /* AlertView.swift */; };
		508323172130C5B700D965FE /* ButtonWithRoundedEdges.swift in Sources */ = {isa = PBXBuildFile; fileRef = 508323162130C5B700D965FE /* ButtonWithRoundedEdges.swift */; };
		508323192130C5D500D965FE /* AlertViewModel.swift in Sources */ = {isa = PBXBuildFile; fileRef = 508323182130C5D500D965FE /* AlertViewModel.swift */; };
		5083231B2130C70700D965FE /* PrintingViewController.swift in Sources */ = {isa = PBXBuildFile; fileRef = 5083231A2130C70600D965FE /* PrintingViewController.swift */; };
		5083231D2130C79500D965FE /* PrintingViewModel.swift in Sources */ = {isa = PBXBuildFile; fileRef = 5083231C2130C79500D965FE /* PrintingViewModel.swift */; };
		5083231F2130C7E700D965FE /* PrintingView.swift in Sources */ = {isa = PBXBuildFile; fileRef = 5083231E2130C7E700D965FE /* PrintingView.swift */; };
		508323212130C83400D965FE /* PrintInputView.swift in Sources */ = {isa = PBXBuildFile; fileRef = 508323202130C83400D965FE /* PrintInputView.swift */; };
		508323232130C87F00D965FE /* PrintInputButton.swift in Sources */ = {isa = PBXBuildFile; fileRef = 508323222130C87F00D965FE /* PrintInputButton.swift */; };
		5090CE57209C907B00B2ABEA /* NewInstructionView.swift in Sources */ = {isa = PBXBuildFile; fileRef = 5090CE56209C907B00B2ABEA /* NewInstructionView.swift */; };
		5090CE59209C943F00B2ABEA /* WordAnimator.swift in Sources */ = {isa = PBXBuildFile; fileRef = 5090CE58209C943F00B2ABEA /* WordAnimator.swift */; };
		5090CE5B209C945E00B2ABEA /* AnimatedLabel.swift in Sources */ = {isa = PBXBuildFile; fileRef = 5090CE5A209C945E00B2ABEA /* AnimatedLabel.swift */; };
		5090CE5D209C9F6000B2ABEA /* InstructionView.swift in Sources */ = {isa = PBXBuildFile; fileRef = 5090CE5C209C9F6000B2ABEA /* InstructionView.swift */; };
		5090CE5F209C9F6E00B2ABEA /* InstructionViewPanel.swift in Sources */ = {isa = PBXBuildFile; fileRef = 5090CE5E209C9F6E00B2ABEA /* InstructionViewPanel.swift */; };
		5090CE61209C9F7700B2ABEA /* WireFrame.swift in Sources */ = {isa = PBXBuildFile; fileRef = 5090CE60209C9F7700B2ABEA /* WireFrame.swift */; };
		50AC20A9209A0942008586C1 /* AppDelegate.swift in Sources */ = {isa = PBXBuildFile; fileRef = 50AC20A8209A0942008586C1 /* AppDelegate.swift */; };
		50AC20AB209A0942008586C1 /* PhotoSetViewController.swift in Sources */ = {isa = PBXBuildFile; fileRef = 50AC20AA209A0942008586C1 /* PhotoSetViewController.swift */; };
		50AC20AE209A0942008586C1 /* Main.storyboard in Resources */ = {isa = PBXBuildFile; fileRef = 50AC20AC209A0942008586C1 /* Main.storyboard */; };
		50AC20B0209A0942008586C1 /* Assets.xcassets in Resources */ = {isa = PBXBuildFile; fileRef = 50AC20AF209A0942008586C1 /* Assets.xcassets */; };
		50AC20B3209A0942008586C1 /* LaunchScreen.storyboard in Resources */ = {isa = PBXBuildFile; fileRef = 50AC20B1209A0942008586C1 /* LaunchScreen.storyboard */; };
		50B3914920A20805003375BF /* SelectionViewController.swift in Sources */ = {isa = PBXBuildFile; fileRef = 50B3914820A20805003375BF /* SelectionViewController.swift */; };
		50B3914B20A20896003375BF /* SelectionViewModel.swift in Sources */ = {isa = PBXBuildFile; fileRef = 50B3914A20A20896003375BF /* SelectionViewModel.swift */; };
		50B3914E20A2095A003375BF /* BackButton.swift in Sources */ = {isa = PBXBuildFile; fileRef = 50B3914D20A2095A003375BF /* BackButton.swift */; };
		50B3915020A20AF8003375BF /* SelectionView.swift in Sources */ = {isa = PBXBuildFile; fileRef = 50B3914F20A20AF8003375BF /* SelectionView.swift */; };
		50B3915220A20B2A003375BF /* ButtonView.swift in Sources */ = {isa = PBXBuildFile; fileRef = 50B3915120A20B2A003375BF /* ButtonView.swift */; };
		50B3915420A21724003375BF /* TextingViewController.swift in Sources */ = {isa = PBXBuildFile; fileRef = 50B3915320A21724003375BF /* TextingViewController.swift */; };
		50B3915620A21851003375BF /* TextManager.swift in Sources */ = {isa = PBXBuildFile; fileRef = 50B3915520A21851003375BF /* TextManager.swift */; };
		50B3915820A218B2003375BF /* TextingView.swift in Sources */ = {isa = PBXBuildFile; fileRef = 50B3915720A218B2003375BF /* TextingView.swift */; };
		50B3915A20A21950003375BF /* PinPadView.swift in Sources */ = {isa = PBXBuildFile; fileRef = 50B3915920A21950003375BF /* PinPadView.swift */; };
		50B3915C20A21971003375BF /* PinPadButton.swift in Sources */ = {isa = PBXBuildFile; fileRef = 50B3915B20A21971003375BF /* PinPadButton.swift */; };
		50B3915E20A219C7003375BF /* TextingViewModel.swift in Sources */ = {isa = PBXBuildFile; fileRef = 50B3915D20A219C7003375BF /* TextingViewModel.swift */; };
		50B3916020A21A56003375BF /* DeleteButton.swift in Sources */ = {isa = PBXBuildFile; fileRef = 50B3915F20A21A56003375BF /* DeleteButton.swift */; };
		50EAD330209A8C580005D2D0 /* PTManager.swift in Sources */ = {isa = PBXBuildFile; fileRef = 50EAD32F209A8C580005D2D0 /* PTManager.swift */; };
		50EAD333209A8C9A0005D2D0 /* Helper.swift in Sources */ = {isa = PBXBuildFile; fileRef = 50EAD332209A8C9A0005D2D0 /* Helper.swift */; };
		50EAD335209A8CCC0005D2D0 /* ImageReceiver.swift in Sources */ = {isa = PBXBuildFile; fileRef = 50EAD334209A8CCC0005D2D0 /* ImageReceiver.swift */; };
		50EAD339209A8D7E0005D2D0 /* RealmManager.swift in Sources */ = {isa = PBXBuildFile; fileRef = 50EAD338209A8D7E0005D2D0 /* RealmManager.swift */; };
		50EAD33B209A91730005D2D0 /* ImageHandler.swift in Sources */ = {isa = PBXBuildFile; fileRef = 50EAD33A209A91730005D2D0 /* ImageHandler.swift */; };
		50EAD33D209A92320005D2D0 /* AWSManager.swift in Sources */ = {isa = PBXBuildFile; fileRef = 50EAD33C209A92320005D2D0 /* AWSManager.swift */; };
		50EAD33F209A92750005D2D0 /* Constants.swift in Sources */ = {isa = PBXBuildFile; fileRef = 50EAD33E209A92750005D2D0 /* Constants.swift */; };
		50FB995E20A36B5E0090979A /* TextMessage.swift in Sources */ = {isa = PBXBuildFile; fileRef = 50FB995D20A36B5E0090979A /* TextMessage.swift */; };
		E51A4CCBE32C9BD90E9ECF6B /* Pods_MPShare.framework in Frameworks */ = {isa = PBXBuildFile; fileRef = 3E80B14E35053D8BE1F9B541 /* Pods_MPShare.framework */; };
/* End PBXBuildFile section */

/* Begin PBXFileReference section */
		3E80B14E35053D8BE1F9B541 /* Pods_MPShare.framework */ = {isa = PBXFileReference; explicitFileType = wrapper.framework; includeInIndex = 0; path = Pods_MPShare.framework; sourceTree = BUILT_PRODUCTS_DIR; };
		4ECC85892409A0FFF77D155B /* Pods-MPShare.debug.xcconfig */ = {isa = PBXFileReference; includeInIndex = 1; lastKnownFileType = text.xcconfig; name = "Pods-MPShare.debug.xcconfig"; path = "Pods/Target Support Files/Pods-MPShare/Pods-MPShare.debug.xcconfig"; sourceTree = "<group>"; };
		500D70CA209A168200CC3470 /* peertalk */ = {isa = PBXFileReference; lastKnownFileType = folder; path = peertalk; sourceTree = "<group>"; };
		500D70CC209A170700CC3470 /* MPShare-Bridging-Header.h */ = {isa = PBXFileReference; lastKnownFileType = sourcecode.c.h; path = "MPShare-Bridging-Header.h"; sourceTree = "<group>"; };
		500D70CD209A173D00CC3470 /* PTChannel.m */ = {isa = PBXFileReference; lastKnownFileType = sourcecode.c.objc; name = PTChannel.m; path = MPShare/peertalk/PTChannel.m; sourceTree = "<group>"; };
		500D70D2209A17B900CC3470 /* PTProtocol.m */ = {isa = PBXFileReference; lastKnownFileType = sourcecode.c.objc; name = PTProtocol.m; path = MPShare/peertalk/PTProtocol.m; sourceTree = "<group>"; };
		500D70D4209A17FD00CC3470 /* PTUSBHub.m */ = {isa = PBXFileReference; lastKnownFileType = sourcecode.c.objc; name = PTUSBHub.m; path = MPShare/peertalk/PTUSBHub.m; sourceTree = "<group>"; };
		506F9157209A1CCB005F47D7 /* RealmPhotoSet.swift */ = {isa = PBXFileReference; lastKnownFileType = sourcecode.swift; path = RealmPhotoSet.swift; sourceTree = "<group>"; };
		506F9159209A1CFC005F47D7 /* ImageURL.swift */ = {isa = PBXFileReference; lastKnownFileType = sourcecode.swift; path = ImageURL.swift; sourceTree = "<group>"; };
		506F915B209A1D48005F47D7 /* PhotoSet.swift */ = {isa = PBXFileReference; lastKnownFileType = sourcecode.swift; path = PhotoSet.swift; sourceTree = "<group>"; };
		506F915D209A1D75005F47D7 /* MainHeaderModel.swift */ = {isa = PBXFileReference; lastKnownFileType = sourcecode.swift; path = MainHeaderModel.swift; sourceTree = "<group>"; };
		506F915F209A1D8A005F47D7 /* PeertalkPhotoSet.swift */ = {isa = PBXFileReference; lastKnownFileType = sourcecode.swift; path = PeertalkPhotoSet.swift; sourceTree = "<group>"; };
		506F9162209A21BA005F47D7 /* PhotoSetSectionController.swift */ = {isa = PBXFileReference; lastKnownFileType = sourcecode.swift; path = PhotoSetSectionController.swift; sourceTree = "<group>"; };
		506F9165209A22AB005F47D7 /* PhotoSetHeaderViewModel.swift */ = {isa = PBXFileReference; lastKnownFileType = sourcecode.swift; path = PhotoSetHeaderViewModel.swift; sourceTree = "<group>"; };
		506F9167209A22D5005F47D7 /* PhotoSetViewModel.swift */ = {isa = PBXFileReference; lastKnownFileType = sourcecode.swift; path = PhotoSetViewModel.swift; sourceTree = "<group>"; };
		506F916C209A23D5005F47D7 /* PhotoSetCell.swift */ = {isa = PBXFileReference; lastKnownFileType = sourcecode.swift; path = PhotoSetCell.swift; sourceTree = "<group>"; };
		506F916E209A2431005F47D7 /* PhotoSetHeaderCell.swift */ = {isa = PBXFileReference; lastKnownFileType = sourcecode.swift; path = PhotoSetHeaderCell.swift; sourceTree = "<group>"; };
		506F9170209A24CB005F47D7 /* MainHeaderCell.swift */ = {isa = PBXFileReference; lastKnownFileType = sourcecode.swift; path = MainHeaderCell.swift; sourceTree = "<group>"; };
		506F9172209A2511005F47D7 /* MainHeaderViewModel.swift */ = {isa = PBXFileReference; lastKnownFileType = sourcecode.swift; path = MainHeaderViewModel.swift; sourceTree = "<group>"; };
		506F9174209A2619005F47D7 /* MainHeaderSectionController.swift */ = {isa = PBXFileReference; lastKnownFileType = sourcecode.swift; path = MainHeaderSectionController.swift; sourceTree = "<group>"; };
		508323122130C52400D965FE /* AlertViewController.swift */ = {isa = PBXFileReference; lastKnownFileType = sourcecode.swift; path = AlertViewController.swift; sourceTree = "<group>"; };
		508323142130C56B00D965FE /* AlertView.swift */ = {isa = PBXFileReference; lastKnownFileType = sourcecode.swift; path = AlertView.swift; sourceTree = "<group>"; };
		508323162130C5B700D965FE /* ButtonWithRoundedEdges.swift */ = {isa = PBXFileReference; lastKnownFileType = sourcecode.swift; path = ButtonWithRoundedEdges.swift; sourceTree = "<group>"; };
		508323182130C5D500D965FE /* AlertViewModel.swift */ = {isa = PBXFileReference; lastKnownFileType = sourcecode.swift; path = AlertViewModel.swift; sourceTree = "<group>"; };
		5083231A2130C70600D965FE /* PrintingViewController.swift */ = {isa = PBXFileReference; lastKnownFileType = sourcecode.swift; path = PrintingViewController.swift; sourceTree = "<group>"; };
		5083231C2130C79500D965FE /* PrintingViewModel.swift */ = {isa = PBXFileReference; lastKnownFileType = sourcecode.swift; path = PrintingViewModel.swift; sourceTree = "<group>"; };
		5083231E2130C7E700D965FE /* PrintingView.swift */ = {isa = PBXFileReference; lastKnownFileType = sourcecode.swift; path = PrintingView.swift; sourceTree = "<group>"; };
		508323202130C83400D965FE /* PrintInputView.swift */ = {isa = PBXFileReference; lastKnownFileType = sourcecode.swift; path = PrintInputView.swift; sourceTree = "<group>"; };
		508323222130C87F00D965FE /* PrintInputButton.swift */ = {isa = PBXFileReference; lastKnownFileType = sourcecode.swift; path = PrintInputButton.swift; sourceTree = "<group>"; };
		5090CE56209C907B00B2ABEA /* NewInstructionView.swift */ = {isa = PBXFileReference; lastKnownFileType = sourcecode.swift; path = NewInstructionView.swift; sourceTree = "<group>"; };
		5090CE58209C943F00B2ABEA /* WordAnimator.swift */ = {isa = PBXFileReference; lastKnownFileType = sourcecode.swift; path = WordAnimator.swift; sourceTree = "<group>"; };
		5090CE5A209C945E00B2ABEA /* AnimatedLabel.swift */ = {isa = PBXFileReference; lastKnownFileType = sourcecode.swift; path = AnimatedLabel.swift; sourceTree = "<group>"; };
		5090CE5C209C9F6000B2ABEA /* InstructionView.swift */ = {isa = PBXFileReference; lastKnownFileType = sourcecode.swift; path = InstructionView.swift; sourceTree = "<group>"; };
		5090CE5E209C9F6E00B2ABEA /* InstructionViewPanel.swift */ = {isa = PBXFileReference; lastKnownFileType = sourcecode.swift; path = InstructionViewPanel.swift; sourceTree = "<group>"; };
		5090CE60209C9F7700B2ABEA /* WireFrame.swift */ = {isa = PBXFileReference; lastKnownFileType = sourcecode.swift; path = WireFrame.swift; sourceTree = "<group>"; };
		50AC20A5209A0942008586C1 /* MPShare.app */ = {isa = PBXFileReference; explicitFileType = wrapper.application; includeInIndex = 0; path = MPShare.app; sourceTree = BUILT_PRODUCTS_DIR; };
		50AC20A8209A0942008586C1 /* AppDelegate.swift */ = {isa = PBXFileReference; lastKnownFileType = sourcecode.swift; path = AppDelegate.swift; sourceTree = "<group>"; };
		50AC20AA209A0942008586C1 /* PhotoSetViewController.swift */ = {isa = PBXFileReference; lastKnownFileType = sourcecode.swift; path = PhotoSetViewController.swift; sourceTree = "<group>"; };
		50AC20AD209A0942008586C1 /* Base */ = {isa = PBXFileReference; lastKnownFileType = file.storyboard; name = Base; path = Base.lproj/Main.storyboard; sourceTree = "<group>"; };
		50AC20AF209A0942008586C1 /* Assets.xcassets */ = {isa = PBXFileReference; lastKnownFileType = folder.assetcatalog; path = Assets.xcassets; sourceTree = "<group>"; };
		50AC20B2209A0942008586C1 /* Base */ = {isa = PBXFileReference; lastKnownFileType = file.storyboard; name = Base; path = Base.lproj/LaunchScreen.storyboard; sourceTree = "<group>"; };
		50AC20B4209A0942008586C1 /* Info.plist */ = {isa = PBXFileReference; lastKnownFileType = text.plist.xml; path = Info.plist; sourceTree = "<group>"; };
		50AC20C0209A099B008586C1 /* README.md */ = {isa = PBXFileReference; lastKnownFileType = net.daringfireball.markdown; path = README.md; sourceTree = "<group>"; };
		50B3914820A20805003375BF /* SelectionViewController.swift */ = {isa = PBXFileReference; lastKnownFileType = sourcecode.swift; path = SelectionViewController.swift; sourceTree = "<group>"; };
		50B3914A20A20896003375BF /* SelectionViewModel.swift */ = {isa = PBXFileReference; lastKnownFileType = sourcecode.swift; path = SelectionViewModel.swift; sourceTree = "<group>"; };
		50B3914D20A2095A003375BF /* BackButton.swift */ = {isa = PBXFileReference; lastKnownFileType = sourcecode.swift; path = BackButton.swift; sourceTree = "<group>"; };
		50B3914F20A20AF8003375BF /* SelectionView.swift */ = {isa = PBXFileReference; lastKnownFileType = sourcecode.swift; path = SelectionView.swift; sourceTree = "<group>"; };
		50B3915120A20B2A003375BF /* ButtonView.swift */ = {isa = PBXFileReference; lastKnownFileType = sourcecode.swift; path = ButtonView.swift; sourceTree = "<group>"; };
		50B3915320A21724003375BF /* TextingViewController.swift */ = {isa = PBXFileReference; lastKnownFileType = sourcecode.swift; path = TextingViewController.swift; sourceTree = "<group>"; };
		50B3915520A21851003375BF /* TextManager.swift */ = {isa = PBXFileReference; lastKnownFileType = sourcecode.swift; path = TextManager.swift; sourceTree = "<group>"; };
		50B3915720A218B2003375BF /* TextingView.swift */ = {isa = PBXFileReference; lastKnownFileType = sourcecode.swift; path = TextingView.swift; sourceTree = "<group>"; };
		50B3915920A21950003375BF /* PinPadView.swift */ = {isa = PBXFileReference; lastKnownFileType = sourcecode.swift; path = PinPadView.swift; sourceTree = "<group>"; };
		50B3915B20A21971003375BF /* PinPadButton.swift */ = {isa = PBXFileReference; lastKnownFileType = sourcecode.swift; path = PinPadButton.swift; sourceTree = "<group>"; };
		50B3915D20A219C7003375BF /* TextingViewModel.swift */ = {isa = PBXFileReference; lastKnownFileType = sourcecode.swift; path = TextingViewModel.swift; sourceTree = "<group>"; };
		50B3915F20A21A56003375BF /* DeleteButton.swift */ = {isa = PBXFileReference; lastKnownFileType = sourcecode.swift; path = DeleteButton.swift; sourceTree = "<group>"; };
		50EAD32F209A8C580005D2D0 /* PTManager.swift */ = {isa = PBXFileReference; lastKnownFileType = sourcecode.swift; path = PTManager.swift; sourceTree = "<group>"; };
		50EAD332209A8C9A0005D2D0 /* Helper.swift */ = {isa = PBXFileReference; lastKnownFileType = sourcecode.swift; path = Helper.swift; sourceTree = "<group>"; };
		50EAD334209A8CCC0005D2D0 /* ImageReceiver.swift */ = {isa = PBXFileReference; lastKnownFileType = sourcecode.swift; path = ImageReceiver.swift; sourceTree = "<group>"; };
		50EAD338209A8D7E0005D2D0 /* RealmManager.swift */ = {isa = PBXFileReference; lastKnownFileType = sourcecode.swift; path = RealmManager.swift; sourceTree = "<group>"; };
		50EAD33A209A91730005D2D0 /* ImageHandler.swift */ = {isa = PBXFileReference; lastKnownFileType = sourcecode.swift; path = ImageHandler.swift; sourceTree = "<group>"; };
		50EAD33C209A92320005D2D0 /* AWSManager.swift */ = {isa = PBXFileReference; lastKnownFileType = sourcecode.swift; path = AWSManager.swift; sourceTree = "<group>"; };
		50EAD33E209A92750005D2D0 /* Constants.swift */ = {isa = PBXFileReference; lastKnownFileType = sourcecode.swift; path = Constants.swift; sourceTree = "<group>"; };
		50FB995D20A36B5E0090979A /* TextMessage.swift */ = {isa = PBXFileReference; lastKnownFileType = sourcecode.swift; path = TextMessage.swift; sourceTree = "<group>"; };
		C23387B832A20E4DA8301DB5 /* Pods-MPShare.release.xcconfig */ = {isa = PBXFileReference; includeInIndex = 1; lastKnownFileType = text.xcconfig; name = "Pods-MPShare.release.xcconfig"; path = "Pods/Target Support Files/Pods-MPShare/Pods-MPShare.release.xcconfig"; sourceTree = "<group>"; };
/* End PBXFileReference section */

/* Begin PBXFrameworksBuildPhase section */
		50AC20A2209A0942008586C1 /* Frameworks */ = {
			isa = PBXFrameworksBuildPhase;
			buildActionMask = 2147483647;
			files = (
				E51A4CCBE32C9BD90E9ECF6B /* Pods_MPShare.framework in Frameworks */,
			);
			runOnlyForDeploymentPostprocessing = 0;
		};
/* End PBXFrameworksBuildPhase section */

/* Begin PBXGroup section */
		506F9154209A1C88005F47D7 /* Models */ = {
			isa = PBXGroup;
			children = (
				506F9155209A1CA1005F47D7 /* Realm */,
				506F915B209A1D48005F47D7 /* PhotoSet.swift */,
				506F915D209A1D75005F47D7 /* MainHeaderModel.swift */,
				506F915F209A1D8A005F47D7 /* PeertalkPhotoSet.swift */,
			);
			path = Models;
			sourceTree = "<group>";
		};
		506F9155209A1CA1005F47D7 /* Realm */ = {
			isa = PBXGroup;
			children = (
				506F9157209A1CCB005F47D7 /* RealmPhotoSet.swift */,
				506F9159209A1CFC005F47D7 /* ImageURL.swift */,
				50FB995D20A36B5E0090979A /* TextMessage.swift */,
			);
			path = Realm;
			sourceTree = "<group>";
		};
		506F9161209A2198005F47D7 /* Section Controllers */ = {
			isa = PBXGroup;
			children = (
				506F9162209A21BA005F47D7 /* PhotoSetSectionController.swift */,
				506F9174209A2619005F47D7 /* MainHeaderSectionController.swift */,
			);
			path = "Section Controllers";
			sourceTree = "<group>";
		};
		506F9164209A2261005F47D7 /* View Models */ = {
			isa = PBXGroup;
			children = (
				506F9165209A22AB005F47D7 /* PhotoSetHeaderViewModel.swift */,
				506F9167209A22D5005F47D7 /* PhotoSetViewModel.swift */,
				506F9172209A2511005F47D7 /* MainHeaderViewModel.swift */,
				50B3914A20A20896003375BF /* SelectionViewModel.swift */,
				50B3915D20A219C7003375BF /* TextingViewModel.swift */,
				508323182130C5D500D965FE /* AlertViewModel.swift */,
				5083231C2130C79500D965FE /* PrintingViewModel.swift */,
			);
			path = "View Models";
			sourceTree = "<group>";
		};
		506F916B209A23BB005F47D7 /* View Cells */ = {
			isa = PBXGroup;
			children = (
				506F916C209A23D5005F47D7 /* PhotoSetCell.swift */,
				506F9170209A24CB005F47D7 /* MainHeaderCell.swift */,
				506F916E209A2431005F47D7 /* PhotoSetHeaderCell.swift */,
			);
			path = "View Cells";
			sourceTree = "<group>";
		};
		5090CE55209C904600B2ABEA /* Views */ = {
			isa = PBXGroup;
			children = (
				5090CE56209C907B00B2ABEA /* NewInstructionView.swift */,
				5090CE5C209C9F6000B2ABEA /* InstructionView.swift */,
				5090CE5E209C9F6E00B2ABEA /* InstructionViewPanel.swift */,
				5090CE60209C9F7700B2ABEA /* WireFrame.swift */,
				50B3914F20A20AF8003375BF /* SelectionView.swift */,
				50B3915720A218B2003375BF /* TextingView.swift */,
				50B3915920A21950003375BF /* PinPadView.swift */,
				508323142130C56B00D965FE /* AlertView.swift */,
				5083231E2130C7E700D965FE /* PrintingView.swift */,
				508323202130C83400D965FE /* PrintInputView.swift */,
			);
			path = Views;
			sourceTree = "<group>";
		};
		50AC209C209A0942008586C1 = {
			isa = PBXGroup;
			children = (
				500D70D4209A17FD00CC3470 /* PTUSBHub.m */,
				500D70D2209A17B900CC3470 /* PTProtocol.m */,
				500D70CD209A173D00CC3470 /* PTChannel.m */,
				500D70CC209A170700CC3470 /* MPShare-Bridging-Header.h */,
				50AC20C0209A099B008586C1 /* README.md */,
				50AC20A7209A0942008586C1 /* MPShare */,
				50AC20A6209A0942008586C1 /* Products */,
				AC97859E345EEF82977C7BCF /* Pods */,
				600778C7C1D5B50FFA0E6BD4 /* Frameworks */,
			);
			sourceTree = "<group>";
		};
		50AC20A6209A0942008586C1 /* Products */ = {
			isa = PBXGroup;
			children = (
				50AC20A5209A0942008586C1 /* MPShare.app */,
			);
			name = Products;
			sourceTree = "<group>";
		};
		50AC20A7209A0942008586C1 /* MPShare */ = {
			isa = PBXGroup;
			children = (
				50B3914C20A2094E003375BF /* Buttons */,
				5090CE55209C904600B2ABEA /* Views */,
				50EAD331209A8C870005D2D0 /* Helper Files */,
				50EAD32E209A8C3F0005D2D0 /* Objects */,
				506F916B209A23BB005F47D7 /* View Cells */,
				506F9164209A2261005F47D7 /* View Models */,
				506F9161209A2198005F47D7 /* Section Controllers */,
				500D70CA209A168200CC3470 /* peertalk */,
				50AC20BE209A0978008586C1 /* Storyboards */,
				50AC20BC209A0963008586C1 /* Resources */,
				50AC20BB209A095A008586C1 /* View Controllers */,
				506F9154209A1C88005F47D7 /* Models */,
				50AC20BA209A094B008586C1 /* Application Delegate */,
				50AC20B4209A0942008586C1 /* Info.plist */,
			);
			path = MPShare;
			sourceTree = "<group>";
		};
		50AC20BA209A094B008586C1 /* Application Delegate */ = {
			isa = PBXGroup;
			children = (
				50AC20A8209A0942008586C1 /* AppDelegate.swift */,
			);
			path = "Application Delegate";
			sourceTree = "<group>";
		};
		50AC20BB209A095A008586C1 /* View Controllers */ = {
			isa = PBXGroup;
			children = (
				50AC20AA209A0942008586C1 /* PhotoSetViewController.swift */,
				50B3914820A20805003375BF /* SelectionViewController.swift */,
				50B3915320A21724003375BF /* TextingViewController.swift */,
				508323122130C52400D965FE /* AlertViewController.swift */,
				5083231A2130C70600D965FE /* PrintingViewController.swift */,
			);
			path = "View Controllers";
			sourceTree = "<group>";
		};
		50AC20BC209A0963008586C1 /* Resources */ = {
			isa = PBXGroup;
			children = (
				50AC20BD209A096B008586C1 /* Assets */,
			);
			path = Resources;
			sourceTree = "<group>";
		};
		50AC20BD209A096B008586C1 /* Assets */ = {
			isa = PBXGroup;
			children = (
				50AC20AF209A0942008586C1 /* Assets.xcassets */,
			);
			path = Assets;
			sourceTree = "<group>";
		};
		50AC20BE209A0978008586C1 /* Storyboards */ = {
			isa = PBXGroup;
			children = (
				50AC20AC209A0942008586C1 /* Main.storyboard */,
				50AC20BF209A0984008586C1 /* Launch Screen */,
			);
			path = Storyboards;
			sourceTree = "<group>";
		};
		50AC20BF209A0984008586C1 /* Launch Screen */ = {
			isa = PBXGroup;
			children = (
				50AC20B1209A0942008586C1 /* LaunchScreen.storyboard */,
			);
			path = "Launch Screen";
			sourceTree = "<group>";
		};
		50B3914C20A2094E003375BF /* Buttons */ = {
			isa = PBXGroup;
			children = (
				50B3914D20A2095A003375BF /* BackButton.swift */,
				50B3915120A20B2A003375BF /* ButtonView.swift */,
				50B3915B20A21971003375BF /* PinPadButton.swift */,
				50B3915F20A21A56003375BF /* DeleteButton.swift */,
				508323222130C87F00D965FE /* PrintInputButton.swift */,
				508323162130C5B700D965FE /* ButtonWithRoundedEdges.swift */,
			);
			path = Buttons;
			sourceTree = "<group>";
		};
		50EAD32E209A8C3F0005D2D0 /* Objects */ = {
			isa = PBXGroup;
			children = (
				50EAD32F209A8C580005D2D0 /* PTManager.swift */,
				50EAD334209A8CCC0005D2D0 /* ImageReceiver.swift */,
				50EAD33C209A92320005D2D0 /* AWSManager.swift */,
				50EAD33A209A91730005D2D0 /* ImageHandler.swift */,
				50EAD338209A8D7E0005D2D0 /* RealmManager.swift */,
				5090CE58209C943F00B2ABEA /* WordAnimator.swift */,
				5090CE5A209C945E00B2ABEA /* AnimatedLabel.swift */,
				50B3915520A21851003375BF /* TextManager.swift */,
			);
			path = Objects;
			sourceTree = "<group>";
		};
		50EAD331209A8C870005D2D0 /* Helper Files */ = {
			isa = PBXGroup;
			children = (
				50EAD332209A8C9A0005D2D0 /* Helper.swift */,
				50EAD33E209A92750005D2D0 /* Constants.swift */,
			);
			path = "Helper Files";
			sourceTree = "<group>";
		};
		600778C7C1D5B50FFA0E6BD4 /* Frameworks */ = {
			isa = PBXGroup;
			children = (
				3E80B14E35053D8BE1F9B541 /* Pods_MPShare.framework */,
			);
			name = Frameworks;
			sourceTree = "<group>";
		};
		AC97859E345EEF82977C7BCF /* Pods */ = {
			isa = PBXGroup;
			children = (
				4ECC85892409A0FFF77D155B /* Pods-MPShare.debug.xcconfig */,
				C23387B832A20E4DA8301DB5 /* Pods-MPShare.release.xcconfig */,
			);
			name = Pods;
			sourceTree = "<group>";
		};
/* End PBXGroup section */

/* Begin PBXNativeTarget section */
		50AC20A4209A0942008586C1 /* MPShare */ = {
			isa = PBXNativeTarget;
			buildConfigurationList = 50AC20B7209A0942008586C1 /* Build configuration list for PBXNativeTarget "MPShare" */;
			buildPhases = (
				2EA29CABCBE4CFF62A1BB307 /* [CP] Check Pods Manifest.lock */,
				50AC20A1209A0942008586C1 /* Sources */,
				50AC20A2209A0942008586C1 /* Frameworks */,
				50AC20A3209A0942008586C1 /* Resources */,
				4075A6BCFF92DE39B2921357 /* [CP] Embed Pods Frameworks */,
			);
			buildRules = (
			);
			dependencies = (
			);
			name = MPShare;
			productName = MPShare;
			productReference = 50AC20A5209A0942008586C1 /* MPShare.app */;
			productType = "com.apple.product-type.application";
		};
/* End PBXNativeTarget section */

/* Begin PBXProject section */
		50AC209D209A0942008586C1 /* Project object */ = {
			isa = PBXProject;
			attributes = {
				LastSwiftUpdateCheck = 0920;
				LastUpgradeCheck = 0920;
				ORGANIZATIONNAME = com.Mobilepic;
				TargetAttributes = {
					50AC20A4209A0942008586C1 = {
						CreatedOnToolsVersion = 9.2;
						ProvisioningStyle = Automatic;
					};
				};
			};
			buildConfigurationList = 50AC20A0209A0942008586C1 /* Build configuration list for PBXProject "MPShare" */;
			compatibilityVersion = "Xcode 8.0";
			developmentRegion = en;
			hasScannedForEncodings = 0;
			knownRegions = (
				en,
				Base,
			);
			mainGroup = 50AC209C209A0942008586C1;
			productRefGroup = 50AC20A6209A0942008586C1 /* Products */;
			projectDirPath = "";
			projectRoot = "";
			targets = (
				50AC20A4209A0942008586C1 /* MPShare */,
			);
		};
/* End PBXProject section */

/* Begin PBXResourcesBuildPhase section */
		50AC20A3209A0942008586C1 /* Resources */ = {
			isa = PBXResourcesBuildPhase;
			buildActionMask = 2147483647;
			files = (
				500D70CB209A168200CC3470 /* peertalk in Resources */,
				50AC20B3209A0942008586C1 /* LaunchScreen.storyboard in Resources */,
				50AC20B0209A0942008586C1 /* Assets.xcassets in Resources */,
				50AC20AE209A0942008586C1 /* Main.storyboard in Resources */,
			);
			runOnlyForDeploymentPostprocessing = 0;
		};
/* End PBXResourcesBuildPhase section */

/* Begin PBXShellScriptBuildPhase section */
		2EA29CABCBE4CFF62A1BB307 /* [CP] Check Pods Manifest.lock */ = {
			isa = PBXShellScriptBuildPhase;
			buildActionMask = 2147483647;
			files = (
			);
			inputPaths = (
				"${PODS_PODFILE_DIR_PATH}/Podfile.lock",
				"${PODS_ROOT}/Manifest.lock",
			);
			name = "[CP] Check Pods Manifest.lock";
			outputPaths = (
				"$(DERIVED_FILE_DIR)/Pods-MPShare-checkManifestLockResult.txt",
			);
			runOnlyForDeploymentPostprocessing = 0;
			shellPath = /bin/sh;
			shellScript = "diff \"${PODS_PODFILE_DIR_PATH}/Podfile.lock\" \"${PODS_ROOT}/Manifest.lock\" > /dev/null\nif [ $? != 0 ] ; then\n    # print error to STDERR\n    echo \"error: The sandbox is not in sync with the Podfile.lock. Run 'pod install' or update your CocoaPods installation.\" >&2\n    exit 1\nfi\n# This output is used by Xcode 'outputs' to avoid re-running this script phase.\necho \"SUCCESS\" > \"${SCRIPT_OUTPUT_FILE_0}\"\n";
			showEnvVarsInLog = 0;
		};
		4075A6BCFF92DE39B2921357 /* [CP] Embed Pods Frameworks */ = {
			isa = PBXShellScriptBuildPhase;
			buildActionMask = 2147483647;
			files = (
			);
			inputPaths = (
				"${SRCROOT}/Pods/Target Support Files/Pods-MPShare/Pods-MPShare-frameworks.sh",
				"${BUILT_PRODUCTS_DIR}/AWSCognito/AWSCognito.framework",
				"${BUILT_PRODUCTS_DIR}/AWSCore/AWSCore.framework",
				"${BUILT_PRODUCTS_DIR}/AWSS3/AWSS3.framework",
				"${BUILT_PRODUCTS_DIR}/Alamofire/Alamofire.framework",
				"${BUILT_PRODUCTS_DIR}/IGListKit/IGListKit.framework",
				"${BUILT_PRODUCTS_DIR}/Realm/Realm.framework",
				"${BUILT_PRODUCTS_DIR}/RealmSwift/RealmSwift.framework",
			);
			name = "[CP] Embed Pods Frameworks";
			outputPaths = (
				"${TARGET_BUILD_DIR}/${FRAMEWORKS_FOLDER_PATH}/AWSCognito.framework",
				"${TARGET_BUILD_DIR}/${FRAMEWORKS_FOLDER_PATH}/AWSCore.framework",
				"${TARGET_BUILD_DIR}/${FRAMEWORKS_FOLDER_PATH}/AWSS3.framework",
				"${TARGET_BUILD_DIR}/${FRAMEWORKS_FOLDER_PATH}/Alamofire.framework",
				"${TARGET_BUILD_DIR}/${FRAMEWORKS_FOLDER_PATH}/IGListKit.framework",
				"${TARGET_BUILD_DIR}/${FRAMEWORKS_FOLDER_PATH}/Realm.framework",
				"${TARGET_BUILD_DIR}/${FRAMEWORKS_FOLDER_PATH}/RealmSwift.framework",
			);
			runOnlyForDeploymentPostprocessing = 0;
			shellPath = /bin/sh;
			shellScript = "\"${SRCROOT}/Pods/Target Support Files/Pods-MPShare/Pods-MPShare-frameworks.sh\"\n";
			showEnvVarsInLog = 0;
		};
/* End PBXShellScriptBuildPhase section */

/* Begin PBXSourcesBuildPhase section */
		50AC20A1209A0942008586C1 /* Sources */ = {
			isa = PBXSourcesBuildPhase;
			buildActionMask = 2147483647;
			files = (
				50EAD33F209A92750005D2D0 /* Constants.swift in Sources */,
				5083231F2130C7E700D965FE /* PrintingView.swift in Sources */,
				506F915A209A1CFC005F47D7 /* ImageURL.swift in Sources */,
				508323212130C83400D965FE /* PrintInputView.swift in Sources */,
				50EAD33D209A92320005D2D0 /* AWSManager.swift in Sources */,
				508323192130C5D500D965FE /* AlertViewModel.swift in Sources */,
				500D70D5209A17FD00CC3470 /* PTUSBHub.m in Sources */,
				500D70D3209A17B900CC3470 /* PTProtocol.m in Sources */,
				50B3915820A218B2003375BF /* TextingView.swift in Sources */,
				50B3914B20A20896003375BF /* SelectionViewModel.swift in Sources */,
				50B3914E20A2095A003375BF /* BackButton.swift in Sources */,
				506F9166209A22AB005F47D7 /* PhotoSetHeaderViewModel.swift in Sources */,
				5090CE5F209C9F6E00B2ABEA /* InstructionViewPanel.swift in Sources */,
				500D70CE209A173D00CC3470 /* PTChannel.m in Sources */,
				50EAD335209A8CCC0005D2D0 /* ImageReceiver.swift in Sources */,
				50B3915E20A219C7003375BF /* TextingViewModel.swift in Sources */,
				508323132130C52400D965FE /* AlertViewController.swift in Sources */,
				50EAD330209A8C580005D2D0 /* PTManager.swift in Sources */,
				50EAD33B209A91730005D2D0 /* ImageHandler.swift in Sources */,
				506F9158209A1CCB005F47D7 /* RealmPhotoSet.swift in Sources */,
				50EAD333209A8C9A0005D2D0 /* Helper.swift in Sources */,
				50B3915020A20AF8003375BF /* SelectionView.swift in Sources */,
				506F916F209A2431005F47D7 /* PhotoSetHeaderCell.swift in Sources */,
				506F9160209A1D8A005F47D7 /* PeertalkPhotoSet.swift in Sources */,
				50B3916020A21A56003375BF /* DeleteButton.swift in Sources */,
				50AC20AB209A0942008586C1 /* PhotoSetViewController.swift in Sources */,
				5090CE57209C907B00B2ABEA /* NewInstructionView.swift in Sources */,
				50AC20A9209A0942008586C1 /* AppDelegate.swift in Sources */,
				5090CE61209C9F7700B2ABEA /* WireFrame.swift in Sources */,
				50EAD339209A8D7E0005D2D0 /* RealmManager.swift in Sources */,
				50FB995E20A36B5E0090979A /* TextMessage.swift in Sources */,
				5083231D2130C79500D965FE /* PrintingViewModel.swift in Sources */,
				506F9173209A2511005F47D7 /* MainHeaderViewModel.swift in Sources */,
				506F9168209A22D5005F47D7 /* PhotoSetViewModel.swift in Sources */,
				50B3915620A21851003375BF /* TextManager.swift in Sources */,
				506F9163209A21BA005F47D7 /* PhotoSetSectionController.swift in Sources */,
				5083231B2130C70700D965FE /* PrintingViewController.swift in Sources */,
				50B3915220A20B2A003375BF /* ButtonView.swift in Sources */,
				5090CE5B209C945E00B2ABEA /* AnimatedLabel.swift in Sources */,
				50B3915420A21724003375BF /* TextingViewController.swift in Sources */,
				506F915C209A1D48005F47D7 /* PhotoSet.swift in Sources */,
				506F9171209A24CB005F47D7 /* MainHeaderCell.swift in Sources */,
				50B3915C20A21971003375BF /* PinPadButton.swift in Sources */,
				506F9175209A2619005F47D7 /* MainHeaderSectionController.swift in Sources */,
				508323172130C5B700D965FE /* ButtonWithRoundedEdges.swift in Sources */,
				50B3915A20A21950003375BF /* PinPadView.swift in Sources */,
				506F916D209A23D5005F47D7 /* PhotoSetCell.swift in Sources */,
				508323152130C56B00D965FE /* AlertView.swift in Sources */,
				508323232130C87F00D965FE /* PrintInputButton.swift in Sources */,
				506F915E209A1D75005F47D7 /* MainHeaderModel.swift in Sources */,
				50B3914920A20805003375BF /* SelectionViewController.swift in Sources */,
				5090CE5D209C9F6000B2ABEA /* InstructionView.swift in Sources */,
				5090CE59209C943F00B2ABEA /* WordAnimator.swift in Sources */,
			);
			runOnlyForDeploymentPostprocessing = 0;
		};
/* End PBXSourcesBuildPhase section */

/* Begin PBXVariantGroup section */
		50AC20AC209A0942008586C1 /* Main.storyboard */ = {
			isa = PBXVariantGroup;
			children = (
				50AC20AD209A0942008586C1 /* Base */,
			);
			name = Main.storyboard;
			sourceTree = "<group>";
		};
		50AC20B1209A0942008586C1 /* LaunchScreen.storyboard */ = {
			isa = PBXVariantGroup;
			children = (
				50AC20B2209A0942008586C1 /* Base */,
			);
			name = LaunchScreen.storyboard;
			sourceTree = "<group>";
		};
/* End PBXVariantGroup section */

/* Begin XCBuildConfiguration section */
		50AC20B5209A0942008586C1 /* Debug */ = {
			isa = XCBuildConfiguration;
			buildSettings = {
				ALWAYS_SEARCH_USER_PATHS = NO;
				CLANG_ANALYZER_NONNULL = YES;
				CLANG_ANALYZER_NUMBER_OBJECT_CONVERSION = YES_AGGRESSIVE;
				CLANG_CXX_LANGUAGE_STANDARD = "gnu++14";
				CLANG_CXX_LIBRARY = "libc++";
				CLANG_ENABLE_MODULES = YES;
				CLANG_ENABLE_OBJC_ARC = YES;
				CLANG_WARN_BLOCK_CAPTURE_AUTORELEASING = YES;
				CLANG_WARN_BOOL_CONVERSION = YES;
				CLANG_WARN_COMMA = YES;
				CLANG_WARN_CONSTANT_CONVERSION = YES;
				CLANG_WARN_DIRECT_OBJC_ISA_USAGE = YES_ERROR;
				CLANG_WARN_DOCUMENTATION_COMMENTS = YES;
				CLANG_WARN_EMPTY_BODY = YES;
				CLANG_WARN_ENUM_CONVERSION = YES;
				CLANG_WARN_INFINITE_RECURSION = YES;
				CLANG_WARN_INT_CONVERSION = YES;
				CLANG_WARN_NON_LITERAL_NULL_CONVERSION = YES;
				CLANG_WARN_OBJC_LITERAL_CONVERSION = YES;
				CLANG_WARN_OBJC_ROOT_CLASS = YES_ERROR;
				CLANG_WARN_RANGE_LOOP_ANALYSIS = YES;
				CLANG_WARN_STRICT_PROTOTYPES = YES;
				CLANG_WARN_SUSPICIOUS_MOVE = YES;
				CLANG_WARN_UNGUARDED_AVAILABILITY = YES_AGGRESSIVE;
				CLANG_WARN_UNREACHABLE_CODE = YES;
				CLANG_WARN__DUPLICATE_METHOD_MATCH = YES;
				CODE_SIGN_IDENTITY = "iPhone Developer";
				COPY_PHASE_STRIP = NO;
				DEBUG_INFORMATION_FORMAT = dwarf;
				ENABLE_STRICT_OBJC_MSGSEND = YES;
				ENABLE_TESTABILITY = YES;
				GCC_C_LANGUAGE_STANDARD = gnu11;
				GCC_DYNAMIC_NO_PIC = NO;
				GCC_NO_COMMON_BLOCKS = YES;
				GCC_OPTIMIZATION_LEVEL = 0;
				GCC_PREPROCESSOR_DEFINITIONS = (
					"DEBUG=1",
					"$(inherited)",
				);
				GCC_WARN_64_TO_32_BIT_CONVERSION = YES;
				GCC_WARN_ABOUT_RETURN_TYPE = YES_ERROR;
				GCC_WARN_UNDECLARED_SELECTOR = YES;
				GCC_WARN_UNINITIALIZED_AUTOS = YES_AGGRESSIVE;
				GCC_WARN_UNUSED_FUNCTION = YES;
				GCC_WARN_UNUSED_VARIABLE = YES;
				IPHONEOS_DEPLOYMENT_TARGET = 11.2;
				MTL_ENABLE_DEBUG_INFO = YES;
				ONLY_ACTIVE_ARCH = YES;
				SDKROOT = iphoneos;
				SWIFT_ACTIVE_COMPILATION_CONDITIONS = DEBUG;
				SWIFT_OPTIMIZATION_LEVEL = "-Onone";
			};
			name = Debug;
		};
		50AC20B6209A0942008586C1 /* Release */ = {
			isa = XCBuildConfiguration;
			buildSettings = {
				ALWAYS_SEARCH_USER_PATHS = NO;
				CLANG_ANALYZER_NONNULL = YES;
				CLANG_ANALYZER_NUMBER_OBJECT_CONVERSION = YES_AGGRESSIVE;
				CLANG_CXX_LANGUAGE_STANDARD = "gnu++14";
				CLANG_CXX_LIBRARY = "libc++";
				CLANG_ENABLE_MODULES = YES;
				CLANG_ENABLE_OBJC_ARC = YES;
				CLANG_WARN_BLOCK_CAPTURE_AUTORELEASING = YES;
				CLANG_WARN_BOOL_CONVERSION = YES;
				CLANG_WARN_COMMA = YES;
				CLANG_WARN_CONSTANT_CONVERSION = YES;
				CLANG_WARN_DIRECT_OBJC_ISA_USAGE = YES_ERROR;
				CLANG_WARN_DOCUMENTATION_COMMENTS = YES;
				CLANG_WARN_EMPTY_BODY = YES;
				CLANG_WARN_ENUM_CONVERSION = YES;
				CLANG_WARN_INFINITE_RECURSION = YES;
				CLANG_WARN_INT_CONVERSION = YES;
				CLANG_WARN_NON_LITERAL_NULL_CONVERSION = YES;
				CLANG_WARN_OBJC_LITERAL_CONVERSION = YES;
				CLANG_WARN_OBJC_ROOT_CLASS = YES_ERROR;
				CLANG_WARN_RANGE_LOOP_ANALYSIS = YES;
				CLANG_WARN_STRICT_PROTOTYPES = YES;
				CLANG_WARN_SUSPICIOUS_MOVE = YES;
				CLANG_WARN_UNGUARDED_AVAILABILITY = YES_AGGRESSIVE;
				CLANG_WARN_UNREACHABLE_CODE = YES;
				CLANG_WARN__DUPLICATE_METHOD_MATCH = YES;
				CODE_SIGN_IDENTITY = "iPhone Developer";
				COPY_PHASE_STRIP = NO;
				DEBUG_INFORMATION_FORMAT = "dwarf-with-dsym";
				ENABLE_NS_ASSERTIONS = NO;
				ENABLE_STRICT_OBJC_MSGSEND = YES;
				GCC_C_LANGUAGE_STANDARD = gnu11;
				GCC_NO_COMMON_BLOCKS = YES;
				GCC_WARN_64_TO_32_BIT_CONVERSION = YES;
				GCC_WARN_ABOUT_RETURN_TYPE = YES_ERROR;
				GCC_WARN_UNDECLARED_SELECTOR = YES;
				GCC_WARN_UNINITIALIZED_AUTOS = YES_AGGRESSIVE;
				GCC_WARN_UNUSED_FUNCTION = YES;
				GCC_WARN_UNUSED_VARIABLE = YES;
				IPHONEOS_DEPLOYMENT_TARGET = 11.2;
				MTL_ENABLE_DEBUG_INFO = NO;
				SDKROOT = iphoneos;
				SWIFT_OPTIMIZATION_LEVEL = "-Owholemodule";
				VALIDATE_PRODUCT = YES;
			};
			name = Release;
		};
		50AC20B8209A0942008586C1 /* Debug */ = {
			isa = XCBuildConfiguration;
			baseConfigurationReference = 4ECC85892409A0FFF77D155B /* Pods-MPShare.debug.xcconfig */;
			buildSettings = {
				ASSETCATALOG_COMPILER_APPICON_NAME = AppIcon;
				CLANG_WARN_STRICT_PROTOTYPES = NO;
				CODE_SIGN_STYLE = Automatic;
				DEVELOPMENT_TEAM = D5V9DEDBX9;
				INFOPLIST_FILE = MPShare/Info.plist;
				IPHONEOS_DEPLOYMENT_TARGET = 11.0;
				LD_RUNPATH_SEARCH_PATHS = "$(inherited) @executable_path/Frameworks";
				PRODUCT_BUNDLE_IDENTIFIER = AlexGriswold.MPShare;
				PRODUCT_NAME = "$(TARGET_NAME)";
				SWIFT_OBJC_BRIDGING_HEADER = "MPShare-Bridging-Header.h";
				SWIFT_VERSION = 4.0;
				TARGETED_DEVICE_FAMILY = 2;
			};
			name = Debug;
		};
		50AC20B9209A0942008586C1 /* Release */ = {
			isa = XCBuildConfiguration;
			baseConfigurationReference = C23387B832A20E4DA8301DB5 /* Pods-MPShare.release.xcconfig */;
			buildSettings = {
				ASSETCATALOG_COMPILER_APPICON_NAME = AppIcon;
				CLANG_WARN_STRICT_PROTOTYPES = NO;
				CODE_SIGN_STYLE = Automatic;
				DEVELOPMENT_TEAM = D5V9DEDBX9;
				INFOPLIST_FILE = MPShare/Info.plist;
				IPHONEOS_DEPLOYMENT_TARGET = 11.0;
				LD_RUNPATH_SEARCH_PATHS = "$(inherited) @executable_path/Frameworks";
				PRODUCT_BUNDLE_IDENTIFIER = AlexGriswold.MPShare;
				PRODUCT_NAME = "$(TARGET_NAME)";
				SWIFT_OBJC_BRIDGING_HEADER = "MPShare-Bridging-Header.h";
				SWIFT_VERSION = 4.0;
				TARGETED_DEVICE_FAMILY = 2;
			};
			name = Release;
		};
/* End XCBuildConfiguration section */

/* Begin XCConfigurationList section */
		50AC20A0209A0942008586C1 /* Build configuration list for PBXProject "MPShare" */ = {
			isa = XCConfigurationList;
			buildConfigurations = (
				50AC20B5209A0942008586C1 /* Debug */,
				50AC20B6209A0942008586C1 /* Release */,
			);
			defaultConfigurationIsVisible = 0;
			defaultConfigurationName = Release;
		};
		50AC20B7209A0942008586C1 /* Build configuration list for PBXNativeTarget "MPShare" */ = {
			isa = XCConfigurationList;
			buildConfigurations = (
				50AC20B8209A0942008586C1 /* Debug */,
				50AC20B9209A0942008586C1 /* Release */,
			);
			defaultConfigurationIsVisible = 0;
			defaultConfigurationName = Release;
		};
/* End XCConfigurationList section */
	};
	rootObject = 50AC209D209A0942008586C1 /* Project object */;
}
